// !$*UTF8*$!
{
	archiveVersion = 1;
	classes = {
	};
	objectVersion = 50;
	objects = {

/* Begin PBXBuildFile section */
		32091B2E2279DCA400B6C21D /* LoginController.swift in Sources */ = {isa = PBXBuildFile; fileRef = 32091B2D2279DCA400B6C21D /* LoginController.swift */; };
		325451762279A9300082AAC9 /* AppDelegate.swift in Sources */ = {isa = PBXBuildFile; fileRef = 325451752279A9300082AAC9 /* AppDelegate.swift */; };
		325451782279A9300082AAC9 /* MessagesController.swift in Sources */ = {isa = PBXBuildFile; fileRef = 325451772279A9300082AAC9 /* MessagesController.swift */; };
		3254517B2279A9300082AAC9 /* Main.storyboard in Resources */ = {isa = PBXBuildFile; fileRef = 325451792279A9300082AAC9 /* Main.storyboard */; };
		3254517E2279A9300082AAC9 /* GameOfChats.xcdatamodeld in Sources */ = {isa = PBXBuildFile; fileRef = 3254517C2279A9300082AAC9 /* GameOfChats.xcdatamodeld */; };
		325451802279A9320082AAC9 /* Assets.xcassets in Resources */ = {isa = PBXBuildFile; fileRef = 3254517F2279A9320082AAC9 /* Assets.xcassets */; };
		325451832279A9320082AAC9 /* LaunchScreen.storyboard in Resources */ = {isa = PBXBuildFile; fileRef = 325451812279A9320082AAC9 /* LaunchScreen.storyboard */; };
		3288D379227E3FF200D53C82 /* NewMessageController.swift in Sources */ = {isa = PBXBuildFile; fileRef = 3288D378227E3FF200D53C82 /* NewMessageController.swift */; };
		3288D37C2281FC9500D53C82 /* User.swift in Sources */ = {isa = PBXBuildFile; fileRef = 3288D37B2281FC9500D53C82 /* User.swift */; };
		3288D37E22823EBE00D53C82 /* LoginController+Handlers.swift in Sources */ = {isa = PBXBuildFile; fileRef = 3288D37D22823EBE00D53C82 /* LoginController+Handlers.swift */; };
		32AFFE89227A3623008EAAC2 /* extensions.swift in Sources */ = {isa = PBXBuildFile; fileRef = 32AFFE88227A3623008EAAC2 /* extensions.swift */; };
		32F680CD227C5C2000082DA9 /* GoogleService-Info.plist in Resources */ = {isa = PBXBuildFile; fileRef = 32F680CC227C5C2000082DA9 /* GoogleService-Info.plist */; };
		32F8DA1E22877DD300994EE8 /* Extensions.swift in Sources */ = {isa = PBXBuildFile; fileRef = 32F8DA1D22877DD300994EE8 /* Extensions.swift */; };
		B63CA12CA7F9D11F94C54811 /* Pods_GameOfChats.framework in Frameworks */ = {isa = PBXBuildFile; fileRef = D72E5C5183E9CBE7110A5884 /* Pods_GameOfChats.framework */; };
/* End PBXBuildFile section */

/* Begin PBXFileReference section */
		32091B2D2279DCA400B6C21D /* LoginController.swift */ = {isa = PBXFileReference; lastKnownFileType = sourcecode.swift; path = LoginController.swift; sourceTree = "<group>"; };
		325451722279A9300082AAC9 /* GameOfChats.app */ = {isa = PBXFileReference; explicitFileType = wrapper.application; includeInIndex = 0; path = GameOfChats.app; sourceTree = BUILT_PRODUCTS_DIR; };
		325451752279A9300082AAC9 /* AppDelegate.swift */ = {isa = PBXFileReference; lastKnownFileType = sourcecode.swift; path = AppDelegate.swift; sourceTree = "<group>"; };
		325451772279A9300082AAC9 /* MessagesController.swift */ = {isa = PBXFileReference; lastKnownFileType = sourcecode.swift; path = MessagesController.swift; sourceTree = "<group>"; };
		3254517A2279A9300082AAC9 /* Base */ = {isa = PBXFileReference; lastKnownFileType = file.storyboard; name = Base; path = Base.lproj/Main.storyboard; sourceTree = "<group>"; };
		3254517D2279A9300082AAC9 /* GameOfChats.xcdatamodel */ = {isa = PBXFileReference; lastKnownFileType = wrapper.xcdatamodel; path = GameOfChats.xcdatamodel; sourceTree = "<group>"; };
		3254517F2279A9320082AAC9 /* Assets.xcassets */ = {isa = PBXFileReference; lastKnownFileType = folder.assetcatalog; path = Assets.xcassets; sourceTree = "<group>"; };
		325451822279A9320082AAC9 /* Base */ = {isa = PBXFileReference; lastKnownFileType = file.storyboard; name = Base; path = Base.lproj/LaunchScreen.storyboard; sourceTree = "<group>"; };
		325451842279A9320082AAC9 /* Info.plist */ = {isa = PBXFileReference; lastKnownFileType = text.plist.xml; path = Info.plist; sourceTree = "<group>"; };
		3288D378227E3FF200D53C82 /* NewMessageController.swift */ = {isa = PBXFileReference; lastKnownFileType = sourcecode.swift; path = NewMessageController.swift; sourceTree = "<group>"; };
		3288D37B2281FC9500D53C82 /* User.swift */ = {isa = PBXFileReference; lastKnownFileType = sourcecode.swift; path = User.swift; sourceTree = "<group>"; };
		3288D37D22823EBE00D53C82 /* LoginController+Handlers.swift */ = {isa = PBXFileReference; lastKnownFileType = sourcecode.swift; path = "LoginController+Handlers.swift"; sourceTree = "<group>"; };
		32AFFE88227A3623008EAAC2 /* extensions.swift */ = {isa = PBXFileReference; lastKnownFileType = sourcecode.swift; path = extensions.swift; sourceTree = "<group>"; };
		32F680CC227C5C2000082DA9 /* GoogleService-Info.plist */ = {isa = PBXFileReference; fileEncoding = 4; lastKnownFileType = text.plist.xml; path = "GoogleService-Info.plist"; sourceTree = "<group>"; };
		32F8DA1D22877DD300994EE8 /* Extensions.swift */ = {isa = PBXFileReference; lastKnownFileType = sourcecode.swift; path = Extensions.swift; sourceTree = "<group>"; };
		7E374E45A394800AB5899F18 /* Pods-GameOfChats.release.xcconfig */ = {isa = PBXFileReference; includeInIndex = 1; lastKnownFileType = text.xcconfig; name = "Pods-GameOfChats.release.xcconfig"; path = "Pods/Target Support Files/Pods-GameOfChats/Pods-GameOfChats.release.xcconfig"; sourceTree = "<group>"; };
		91837F2219555F370F462A34 /* Pods-GameOfChats.debug.xcconfig */ = {isa = PBXFileReference; includeInIndex = 1; lastKnownFileType = text.xcconfig; name = "Pods-GameOfChats.debug.xcconfig"; path = "Pods/Target Support Files/Pods-GameOfChats/Pods-GameOfChats.debug.xcconfig"; sourceTree = "<group>"; };
		D72E5C5183E9CBE7110A5884 /* Pods_GameOfChats.framework */ = {isa = PBXFileReference; explicitFileType = wrapper.framework; includeInIndex = 0; path = Pods_GameOfChats.framework; sourceTree = BUILT_PRODUCTS_DIR; };
/* End PBXFileReference section */

/* Begin PBXFrameworksBuildPhase section */
		3254516F2279A9300082AAC9 /* Frameworks */ = {
			isa = PBXFrameworksBuildPhase;
			buildActionMask = 2147483647;
			files = (
				B63CA12CA7F9D11F94C54811 /* Pods_GameOfChats.framework in Frameworks */,
			);
			runOnlyForDeploymentPostprocessing = 0;
		};
/* End PBXFrameworksBuildPhase section */

/* Begin PBXGroup section */
		2D2C8896D80A8EB2A7D1A194 /* Frameworks */ = {
			isa = PBXGroup;
			children = (
				D72E5C5183E9CBE7110A5884 /* Pods_GameOfChats.framework */,
			);
			name = Frameworks;
			sourceTree = "<group>";
		};
		32091B2C2279DC4500B6C21D /* Controller */ = {
			isa = PBXGroup;
			children = (
				32091B2D2279DCA400B6C21D /* LoginController.swift */,
				325451772279A9300082AAC9 /* MessagesController.swift */,
				3288D378227E3FF200D53C82 /* NewMessageController.swift */,
				3288D37D22823EBE00D53C82 /* LoginController+Handlers.swift */,
			);
			path = Controller;
			sourceTree = "<group>";
		};
		325451692279A9300082AAC9 = {
			isa = PBXGroup;
			children = (
				325451742279A9300082AAC9 /* GameOfChats */,
				325451732279A9300082AAC9 /* Products */,
				9D7D80C91E2F24399FDD83C9 /* Pods */,
				2D2C8896D80A8EB2A7D1A194 /* Frameworks */,
			);
			sourceTree = "<group>";
		};
		325451732279A9300082AAC9 /* Products */ = {
			isa = PBXGroup;
			children = (
				325451722279A9300082AAC9 /* GameOfChats.app */,
			);
			name = Products;
			sourceTree = "<group>";
		};
		325451742279A9300082AAC9 /* GameOfChats */ = {
			isa = PBXGroup;
			children = (
				32F8DA1C22877DB700994EE8 /* Helper */,
				3288D37A2281FC6100D53C82 /* Model */,
				32091B2C2279DC4500B6C21D /* Controller */,
				325451752279A9300082AAC9 /* AppDelegate.swift */,
				325451792279A9300082AAC9 /* Main.storyboard */,
				3254517F2279A9320082AAC9 /* Assets.xcassets */,
				325451812279A9320082AAC9 /* LaunchScreen.storyboard */,
				325451842279A9320082AAC9 /* Info.plist */,
				3254517C2279A9300082AAC9 /* GameOfChats.xcdatamodeld */,
				32AFFE88227A3623008EAAC2 /* extensions.swift */,
				32F680CC227C5C2000082DA9 /* GoogleService-Info.plist */,
			);
			path = GameOfChats;
			sourceTree = "<group>";
		};
		3288D37A2281FC6100D53C82 /* Model */ = {
			isa = PBXGroup;
			children = (
				3288D37B2281FC9500D53C82 /* User.swift */,
			);
			path = Model;
			sourceTree = "<group>";
		};
		32F8DA1C22877DB700994EE8 /* Helper */ = {
			isa = PBXGroup;
			children = (
				32F8DA1D22877DD300994EE8 /* Extensions.swift */,
			);
			path = Helper;
			sourceTree = "<group>";
		};
		9D7D80C91E2F24399FDD83C9 /* Pods */ = {
			isa = PBXGroup;
			children = (
				91837F2219555F370F462A34 /* Pods-GameOfChats.debug.xcconfig */,
				7E374E45A394800AB5899F18 /* Pods-GameOfChats.release.xcconfig */,
			);
			name = Pods;
			sourceTree = "<group>";
		};
/* End PBXGroup section */

/* Begin PBXNativeTarget section */
		325451712279A9300082AAC9 /* GameOfChats */ = {
			isa = PBXNativeTarget;
			buildConfigurationList = 325451872279A9320082AAC9 /* Build configuration list for PBXNativeTarget "GameOfChats" */;
			buildPhases = (
				F46CE5A73A3A7EA67D272621 /* [CP] Check Pods Manifest.lock */,
				3254516E2279A9300082AAC9 /* Sources */,
				3254516F2279A9300082AAC9 /* Frameworks */,
				325451702279A9300082AAC9 /* Resources */,
				541AFB1D47BB519CAD7A077D /* [CP] Embed Pods Frameworks */,
			);
			buildRules = (
			);
			dependencies = (
			);
			name = GameOfChats;
			productName = GameOfChats;
			productReference = 325451722279A9300082AAC9 /* GameOfChats.app */;
			productType = "com.apple.product-type.application";
		};
/* End PBXNativeTarget section */

/* Begin PBXProject section */
		3254516A2279A9300082AAC9 /* Project object */ = {
			isa = PBXProject;
			attributes = {
				LastSwiftUpdateCheck = 1020;
				LastUpgradeCheck = 1020;
				ORGANIZATIONNAME = OmarALqabbani;
				TargetAttributes = {
					325451712279A9300082AAC9 = {
						CreatedOnToolsVersion = 10.2.1;
					};
				};
			};
			buildConfigurationList = 3254516D2279A9300082AAC9 /* Build configuration list for PBXProject "GameOfChats" */;
			compatibilityVersion = "Xcode 9.3";
			developmentRegion = en;
			hasScannedForEncodings = 0;
			knownRegions = (
				en,
				Base,
			);
			mainGroup = 325451692279A9300082AAC9;
			productRefGroup = 325451732279A9300082AAC9 /* Products */;
			projectDirPath = "";
			projectRoot = "";
			targets = (
				325451712279A9300082AAC9 /* GameOfChats */,
			);
		};
/* End PBXProject section */

/* Begin PBXResourcesBuildPhase section */
		325451702279A9300082AAC9 /* Resources */ = {
			isa = PBXResourcesBuildPhase;
			buildActionMask = 2147483647;
			files = (
				32F680CD227C5C2000082DA9 /* GoogleService-Info.plist in Resources */,
				325451832279A9320082AAC9 /* LaunchScreen.storyboard in Resources */,
				325451802279A9320082AAC9 /* Assets.xcassets in Resources */,
				3254517B2279A9300082AAC9 /* Main.storyboard in Resources */,
			);
			runOnlyForDeploymentPostprocessing = 0;
		};
/* End PBXResourcesBuildPhase section */

/* Begin PBXShellScriptBuildPhase section */
		541AFB1D47BB519CAD7A077D /* [CP] Embed Pods Frameworks */ = {
			isa = PBXShellScriptBuildPhase;
			buildActionMask = 2147483647;
			files = (
			);
			inputPaths = (
				"${SRCROOT}/Pods/Target Support Files/Pods-GameOfChats/Pods-GameOfChats-frameworks.sh",
				"${BUILT_PRODUCTS_DIR}/GTMSessionFetcher/GTMSessionFetcher.framework",
				"${BUILT_PRODUCTS_DIR}/GoogleUtilities/GoogleUtilities.framework",
				"${BUILT_PRODUCTS_DIR}/leveldb-library/leveldb.framework",
				"${BUILT_PRODUCTS_DIR}/nanopb/nanopb.framework",
			);
			name = "[CP] Embed Pods Frameworks";
			outputPaths = (
				"${TARGET_BUILD_DIR}/${FRAMEWORKS_FOLDER_PATH}/GTMSessionFetcher.framework",
				"${TARGET_BUILD_DIR}/${FRAMEWORKS_FOLDER_PATH}/GoogleUtilities.framework",
				"${TARGET_BUILD_DIR}/${FRAMEWORKS_FOLDER_PATH}/leveldb.framework",
				"${TARGET_BUILD_DIR}/${FRAMEWORKS_FOLDER_PATH}/nanopb.framework",
			);
			runOnlyForDeploymentPostprocessing = 0;
			shellPath = /bin/sh;
			shellScript = "\"${SRCROOT}/Pods/Target Support Files/Pods-GameOfChats/Pods-GameOfChats-frameworks.sh\"\n";
			showEnvVarsInLog = 0;
		};
		F46CE5A73A3A7EA67D272621 /* [CP] Check Pods Manifest.lock */ = {
			isa = PBXShellScriptBuildPhase;
			buildActionMask = 2147483647;
			files = (
			);
			inputPaths = (
				"${PODS_PODFILE_DIR_PATH}/Podfile.lock",
				"${PODS_ROOT}/Manifest.lock",
			);
			name = "[CP] Check Pods Manifest.lock";
			outputPaths = (
				"$(DERIVED_FILE_DIR)/Pods-GameOfChats-checkManifestLockResult.txt",
			);
			runOnlyForDeploymentPostprocessing = 0;
			shellPath = /bin/sh;
			shellScript = "diff \"${PODS_PODFILE_DIR_PATH}/Podfile.lock\" \"${PODS_ROOT}/Manifest.lock\" > /dev/null\nif [ $? != 0 ] ; then\n    # print error to STDERR\n    echo \"error: The sandbox is not in sync with the Podfile.lock. Run 'pod install' or update your CocoaPods installation.\" >&2\n    exit 1\nfi\n# This output is used by Xcode 'outputs' to avoid re-running this script phase.\necho \"SUCCESS\" > \"${SCRIPT_OUTPUT_FILE_0}\"\n";
			showEnvVarsInLog = 0;
		};
/* End PBXShellScriptBuildPhase section */

/* Begin PBXSourcesBuildPhase section */
		3254516E2279A9300082AAC9 /* Sources */ = {
			isa = PBXSourcesBuildPhase;
			buildActionMask = 2147483647;
			files = (
				3288D379227E3FF200D53C82 /* NewMessageController.swift in Sources */,
				32F8DA1E22877DD300994EE8 /* Extensions.swift in Sources */,
				32AFFE89227A3623008EAAC2 /* extensions.swift in Sources */,
				3288D37E22823EBE00D53C82 /* LoginController+Handlers.swift in Sources */,
				325451782279A9300082AAC9 /* MessagesController.swift in Sources */,
				3254517E2279A9300082AAC9 /* GameOfChats.xcdatamodeld in Sources */,
				32091B2E2279DCA400B6C21D /* LoginController.swift in Sources */,
				325451762279A9300082AAC9 /* AppDelegate.swift in Sources */,
				3288D37C2281FC9500D53C82 /* User.swift in Sources */,
			);
			runOnlyForDeploymentPostprocessing = 0;
		};
/* End PBXSourcesBuildPhase section */

/* Begin PBXVariantGroup section */
		325451792279A9300082AAC9 /* Main.storyboard */ = {
			isa = PBXVariantGroup;
			children = (
				3254517A2279A9300082AAC9 /* Base */,
			);
			name = Main.storyboard;
			sourceTree = "<group>";
		};
		325451812279A9320082AAC9 /* LaunchScreen.storyboard */ = {
			isa = PBXVariantGroup;
			children = (
				325451822279A9320082AAC9 /* Base */,
			);
			name = LaunchScreen.storyboard;
			sourceTree = "<group>";
		};
/* End PBXVariantGroup section */

/* Begin XCBuildConfiguration section */
		325451852279A9320082AAC9 /* Debug */ = {
			isa = XCBuildConfiguration;
			buildSettings = {
				ALWAYS_SEARCH_USER_PATHS = NO;
				CLANG_ANALYZER_NONNULL = YES;
				CLANG_ANALYZER_NUMBER_OBJECT_CONVERSION = YES_AGGRESSIVE;
				CLANG_CXX_LANGUAGE_STANDARD = "gnu++14";
				CLANG_CXX_LIBRARY = "libc++";
				CLANG_ENABLE_MODULES = YES;
				CLANG_ENABLE_OBJC_ARC = YES;
				CLANG_ENABLE_OBJC_WEAK = YES;
				CLANG_WARN_BLOCK_CAPTURE_AUTORELEASING = YES;
				CLANG_WARN_BOOL_CONVERSION = YES;
				CLANG_WARN_COMMA = YES;
				CLANG_WARN_CONSTANT_CONVERSION = YES;
				CLANG_WARN_DEPRECATED_OBJC_IMPLEMENTATIONS = YES;
				CLANG_WARN_DIRECT_OBJC_ISA_USAGE = YES_ERROR;
				CLANG_WARN_DOCUMENTATION_COMMENTS = YES;
				CLANG_WARN_EMPTY_BODY = YES;
				CLANG_WARN_ENUM_CONVERSION = YES;
				CLANG_WARN_INFINITE_RECURSION = YES;
				CLANG_WARN_INT_CONVERSION = YES;
				CLANG_WARN_NON_LITERAL_NULL_CONVERSION = YES;
				CLANG_WARN_OBJC_IMPLICIT_RETAIN_SELF = YES;
				CLANG_WARN_OBJC_LITERAL_CONVERSION = YES;
				CLANG_WARN_OBJC_ROOT_CLASS = YES_ERROR;
				CLANG_WARN_RANGE_LOOP_ANALYSIS = YES;
				CLANG_WARN_STRICT_PROTOTYPES = YES;
				CLANG_WARN_SUSPICIOUS_MOVE = YES;
				CLANG_WARN_UNGUARDED_AVAILABILITY = YES_AGGRESSIVE;
				CLANG_WARN_UNREACHABLE_CODE = YES;
				CLANG_WARN__DUPLICATE_METHOD_MATCH = YES;
				CODE_SIGN_IDENTITY = "iPhone Developer";
				COPY_PHASE_STRIP = NO;
				DEBUG_INFORMATION_FORMAT = dwarf;
				ENABLE_STRICT_OBJC_MSGSEND = YES;
				ENABLE_TESTABILITY = YES;
				GCC_C_LANGUAGE_STANDARD = gnu11;
				GCC_DYNAMIC_NO_PIC = NO;
				GCC_NO_COMMON_BLOCKS = YES;
				GCC_OPTIMIZATION_LEVEL = 0;
				GCC_PREPROCESSOR_DEFINITIONS = (
					"DEBUG=1",
					"$(inherited)",
				);
				GCC_WARN_64_TO_32_BIT_CONVERSION = YES;
				GCC_WARN_ABOUT_RETURN_TYPE = YES_ERROR;
				GCC_WARN_UNDECLARED_SELECTOR = YES;
				GCC_WARN_UNINITIALIZED_AUTOS = YES_AGGRESSIVE;
				GCC_WARN_UNUSED_FUNCTION = YES;
				GCC_WARN_UNUSED_VARIABLE = YES;
				IPHONEOS_DEPLOYMENT_TARGET = 12.2;
				MTL_ENABLE_DEBUG_INFO = INCLUDE_SOURCE;
				MTL_FAST_MATH = YES;
				ONLY_ACTIVE_ARCH = YES;
				SDKROOT = iphoneos;
				SWIFT_ACTIVE_COMPILATION_CONDITIONS = DEBUG;
				SWIFT_OPTIMIZATION_LEVEL = "-Onone";
			};
			name = Debug;
		};
		325451862279A9320082AAC9 /* Release */ = {
			isa = XCBuildConfiguration;
			buildSettings = {
				ALWAYS_SEARCH_USER_PATHS = NO;
				CLANG_ANALYZER_NONNULL = YES;
				CLANG_ANALYZER_NUMBER_OBJECT_CONVERSION = YES_AGGRESSIVE;
				CLANG_CXX_LANGUAGE_STANDARD = "gnu++14";
				CLANG_CXX_LIBRARY = "libc++";
				CLANG_ENABLE_MODULES = YES;
				CLANG_ENABLE_OBJC_ARC = YES;
				CLANG_ENABLE_OBJC_WEAK = YES;
				CLANG_WARN_BLOCK_CAPTURE_AUTORELEASING = YES;
				CLANG_WARN_BOOL_CONVERSION = YES;
				CLANG_WARN_COMMA = YES;
				CLANG_WARN_CONSTANT_CONVERSION = YES;
				CLANG_WARN_DEPRECATED_OBJC_IMPLEMENTATIONS = YES;
				CLANG_WARN_DIRECT_OBJC_ISA_USAGE = YES_ERROR;
				CLANG_WARN_DOCUMENTATION_COMMENTS = YES;
				CLANG_WARN_EMPTY_BODY = YES;
				CLANG_WARN_ENUM_CONVERSION = YES;
				CLANG_WARN_INFINITE_RECURSION = YES;
				CLANG_WARN_INT_CONVERSION = YES;
				CLANG_WARN_NON_LITERAL_NULL_CONVERSION = YES;
				CLANG_WARN_OBJC_IMPLICIT_RETAIN_SELF = YES;
				CLANG_WARN_OBJC_LITERAL_CONVERSION = YES;
				CLANG_WARN_OBJC_ROOT_CLASS = YES_ERROR;
				CLANG_WARN_RANGE_LOOP_ANALYSIS = YES;
				CLANG_WARN_STRICT_PROTOTYPES = YES;
				CLANG_WARN_SUSPICIOUS_MOVE = YES;
				CLANG_WARN_UNGUARDED_AVAILABILITY = YES_AGGRESSIVE;
				CLANG_WARN_UNREACHABLE_CODE = YES;
				CLANG_WARN__DUPLICATE_METHOD_MATCH = YES;
				CODE_SIGN_IDENTITY = "iPhone Developer";
				COPY_PHASE_STRIP = NO;
				DEBUG_INFORMATION_FORMAT = "dwarf-with-dsym";
				ENABLE_NS_ASSERTIONS = NO;
				ENABLE_STRICT_OBJC_MSGSEND = YES;
				GCC_C_LANGUAGE_STANDARD = gnu11;
				GCC_NO_COMMON_BLOCKS = YES;
				GCC_WARN_64_TO_32_BIT_CONVERSION = YES;
				GCC_WARN_ABOUT_RETURN_TYPE = YES_ERROR;
				GCC_WARN_UNDECLARED_SELECTOR = YES;
				GCC_WARN_UNINITIALIZED_AUTOS = YES_AGGRESSIVE;
				GCC_WARN_UNUSED_FUNCTION = YES;
				GCC_WARN_UNUSED_VARIABLE = YES;
				IPHONEOS_DEPLOYMENT_TARGET = 12.2;
				MTL_ENABLE_DEBUG_INFO = NO;
				MTL_FAST_MATH = YES;
				SDKROOT = iphoneos;
				SWIFT_COMPILATION_MODE = wholemodule;
				SWIFT_OPTIMIZATION_LEVEL = "-O";
				VALIDATE_PRODUCT = YES;
			};
			name = Release;
		};
		325451882279A9320082AAC9 /* Debug */ = {
			isa = XCBuildConfiguration;
			baseConfigurationReference = 91837F2219555F370F462A34 /* Pods-GameOfChats.debug.xcconfig */;
			buildSettings = {
				ASSETCATALOG_COMPILER_APPICON_NAME = AppIcon;
				CODE_SIGN_STYLE = Automatic;
				DEVELOPMENT_TEAM = Z4RBP4LZPR;
				INFOPLIST_FILE = GameOfChats/Info.plist;
				LD_RUNPATH_SEARCH_PATHS = (
					"$(inherited)",
					"@executable_path/Frameworks",
				);
				PRODUCT_BUNDLE_IDENTIFIER = AlqabbaniOmar.GameOfChats;
				PRODUCT_NAME = "$(TARGET_NAME)";
				SWIFT_VERSION = 5.0;
				TARGETED_DEVICE_FAMILY = "1,2";
			};
			name = Debug;
		};
		325451892279A9320082AAC9 /* Release */ = {
			isa = XCBuildConfiguration;
			baseConfigurationReference = 7E374E45A394800AB5899F18 /* Pods-GameOfChats.release.xcconfig */;
			buildSettings = {
				ASSETCATALOG_COMPILER_APPICON_NAME = AppIcon;
				CODE_SIGN_STYLE = Automatic;
				DEVELOPMENT_TEAM = Z4RBP4LZPR;
				INFOPLIST_FILE = GameOfChats/Info.plist;
				LD_RUNPATH_SEARCH_PATHS = (
					"$(inherited)",
					"@executable_path/Frameworks",
				);
				PRODUCT_BUNDLE_IDENTIFIER = AlqabbaniOmar.GameOfChats;
				PRODUCT_NAME = "$(TARGET_NAME)";
				SWIFT_VERSION = 5.0;
				TARGETED_DEVICE_FAMILY = "1,2";
			};
			name = Release;
		};
/* End XCBuildConfiguration section */

/* Begin XCConfigurationList section */
		3254516D2279A9300082AAC9 /* Build configuration list for PBXProject "GameOfChats" */ = {
			isa = XCConfigurationList;
			buildConfigurations = (
				325451852279A9320082AAC9 /* Debug */,
				325451862279A9320082AAC9 /* Release */,
			);
			defaultConfigurationIsVisible = 0;
			defaultConfigurationName = Release;
		};
		325451872279A9320082AAC9 /* Build configuration list for PBXNativeTarget "GameOfChats" */ = {
			isa = XCConfigurationList;
			buildConfigurations = (
				325451882279A9320082AAC9 /* Debug */,
				325451892279A9320082AAC9 /* Release */,
			);
			defaultConfigurationIsVisible = 0;
			defaultConfigurationName = Release;
		};
/* End XCConfigurationList section */

/* Begin XCVersionGroup section */
		3254517C2279A9300082AAC9 /* GameOfChats.xcdatamodeld */ = {
			isa = XCVersionGroup;
			children = (
				3254517D2279A9300082AAC9 /* GameOfChats.xcdatamodel */,
			);
			currentVersion = 3254517D2279A9300082AAC9 /* GameOfChats.xcdatamodel */;
			path = GameOfChats.xcdatamodeld;
			sourceTree = "<group>";
			versionGroupType = wrapper.xcdatamodel;
		};
/* End XCVersionGroup section */
	};
	rootObject = 3254516A2279A9300082AAC9 /* Project object */;
}
